
Microsoft Visual Studio Solution File, Format Version 12.00
# Visual Studio Version 17
VisualStudioVersion = 17.0.31903.59
MinimumVisualStudioVersion = 10.0.40219.1
Project("{FAE04EC0-301F-11D3-BF4B-00C04F79EFBC}") = "IEnumerableVsList", "IEnumerableVsList\IEnumerableVsList.csproj", "{D45F55CA-2A78-4F1C-A5AC-049CBCC6D60B}"
EndProject
Project("{FAE04EC0-301F-11D3-BF4B-00C04F79EFBC}") = "OneWhereVsMultipleWhere", "OneWhereVsMultipleWhere\OneWhereVsMultipleWhere.csproj", "{E0996FD7-9F39-4035-B740-8F4D7B65006E}"
EndProject
Project("{FAE04EC0-301F-11D3-BF4B-00C04F79EFBC}") = "IfVsSwitch", "IfVsSwitch\IfVsSwitch.csproj", "{B4EF648F-FD3F-42D1-A219-87A120E5F979}"
EndProject
Project("{FAE04EC0-301F-11D3-BF4B-00C04F79EFBC}") = "AsyncVsParallelForIO", "AsyncVsParallelForIO\AsyncVsParallelForIO.csproj", "{889187B7-7C97-4F57-BF14-5BAF3BB5246D}"
EndProject
Project("{FAE04EC0-301F-11D3-BF4B-00C04F79EFBC}") = "Common", "Common\Common.csproj", "{1D4BCC8A-DE60-4529-9D44-63BF076987A2}"
EndProject
Project("{FAE04EC0-301F-11D3-BF4B-00C04F79EFBC}") = "DirectReturnVsAssignBeforeReturn", "DirectReturnVsAssignBeforeReturn\DirectReturnVsAssignBeforeReturn.csproj", "{A9F1E2EF-F7BB-40C5-AFD0-86503CF5E0B1}"
EndProject
Project("{FAE04EC0-301F-11D3-BF4B-00C04F79EFBC}") = "ConstVsVariable", "ConstVsVariable\ConstVsVariable.csproj", "{C382C6D6-5AA1-442A-AD65-F7108454D2E1}"
EndProject
Global
	GlobalSection(SolutionConfigurationPlatforms) = preSolution
		Debug|Any CPU = Debug|Any CPU
		Release|Any CPU = Release|Any CPU
	EndGlobalSection
	GlobalSection(SolutionProperties) = preSolution
		HideSolutionNode = FALSE
	EndGlobalSection
	GlobalSection(ProjectConfigurationPlatforms) = postSolution
		{D45F55CA-2A78-4F1C-A5AC-049CBCC6D60B}.Debug|Any CPU.ActiveCfg = Debug|Any CPU
		{D45F55CA-2A78-4F1C-A5AC-049CBCC6D60B}.Debug|Any CPU.Build.0 = Debug|Any CPU
		{D45F55CA-2A78-4F1C-A5AC-049CBCC6D60B}.Release|Any CPU.ActiveCfg = Release|Any CPU
		{D45F55CA-2A78-4F1C-A5AC-049CBCC6D60B}.Release|Any CPU.Build.0 = Release|Any CPU
		{E0996FD7-9F39-4035-B740-8F4D7B65006E}.Debug|Any CPU.ActiveCfg = Debug|Any CPU
		{E0996FD7-9F39-4035-B740-8F4D7B65006E}.Debug|Any CPU.Build.0 = Debug|Any CPU
		{E0996FD7-9F39-4035-B740-8F4D7B65006E}.Release|Any CPU.ActiveCfg = Release|Any CPU
		{E0996FD7-9F39-4035-B740-8F4D7B65006E}.Release|Any CPU.Build.0 = Release|Any CPU
		{B4EF648F-FD3F-42D1-A219-87A120E5F979}.Debug|Any CPU.ActiveCfg = Debug|Any CPU
		{B4EF648F-FD3F-42D1-A219-87A120E5F979}.Debug|Any CPU.Build.0 = Debug|Any CPU
		{B4EF648F-FD3F-42D1-A219-87A120E5F979}.Release|Any CPU.ActiveCfg = Release|Any CPU
		{B4EF648F-FD3F-42D1-A219-87A120E5F979}.Release|Any CPU.Build.0 = Release|Any CPU
		{889187B7-7C97-4F57-BF14-5BAF3BB5246D}.Debug|Any CPU.ActiveCfg = Debug|Any CPU
		{889187B7-7C97-4F57-BF14-5BAF3BB5246D}.Debug|Any CPU.Build.0 = Debug|Any CPU
		{889187B7-7C97-4F57-BF14-5BAF3BB5246D}.Release|Any CPU.ActiveCfg = Release|Any CPU
		{889187B7-7C97-4F57-BF14-5BAF3BB5246D}.Release|Any CPU.Build.0 = Release|Any CPU
		{1D4BCC8A-DE60-4529-9D44-63BF076987A2}.Debug|Any CPU.ActiveCfg = Debug|Any CPU
		{1D4BCC8A-DE60-4529-9D44-63BF076987A2}.Debug|Any CPU.Build.0 = Debug|Any CPU
		{1D4BCC8A-DE60-4529-9D44-63BF076987A2}.Release|Any CPU.ActiveCfg = Release|Any CPU
		{1D4BCC8A-DE60-4529-9D44-63BF076987A2}.Release|Any CPU.Build.0 = Release|Any CPU
		{A9F1E2EF-F7BB-40C5-AFD0-86503CF5E0B1}.Debug|Any CPU.ActiveCfg = Debug|Any CPU
		{A9F1E2EF-F7BB-40C5-AFD0-86503CF5E0B1}.Debug|Any CPU.Build.0 = Debug|Any CPU
		{A9F1E2EF-F7BB-40C5-AFD0-86503CF5E0B1}.Release|Any CPU.ActiveCfg = Release|Any CPU
		{A9F1E2EF-F7BB-40C5-AFD0-86503CF5E0B1}.Release|Any CPU.Build.0 = Release|Any CPU
		{C382C6D6-5AA1-442A-AD65-F7108454D2E1}.Debug|Any CPU.ActiveCfg = Debug|Any CPU
		{C382C6D6-5AA1-442A-AD65-F7108454D2E1}.Debug|Any CPU.Build.0 = Debug|Any CPU
		{C382C6D6-5AA1-442A-AD65-F7108454D2E1}.Release|Any CPU.ActiveCfg = Release|Any CPU
		{C382C6D6-5AA1-442A-AD65-F7108454D2E1}.Release|Any CPU.Build.0 = Release|Any CPU
	EndGlobalSection
EndGlobal
